{
    "_readme": [
        "This file locks the dependencies of your project to a known state",
        "Read more about it at https://getcomposer.org/doc/01-basic-usage.md#composer-lock-the-lock-file",
        "This file is @generated automatically"
    ],
    "content-hash": "93bd1879056dbec5092b4ba15b3b1486",
    "packages": [
        {
            "name": "leocavalcante/siler",
            "version": "dev-master",
            "source": {
                "type": "git",
                "url": "https://github.com/leocavalcante/siler.git",
                "reference": "3a0b876c632efe2c789ae842511b56cc7c4c5a44"
            },
            "dist": {
                "type": "zip",
                "url": "https://api.github.com/repos/leocavalcante/siler/zipball/3a0b876c632efe2c789ae842511b56cc7c4c5a44",
                "reference": "3a0b876c632efe2c789ae842511b56cc7c4c5a44",
                "shasum": ""
            },
            "require": {
                "php": ">=5.6.0"
            },
            "require-dev": {
                "cboden/ratchet": "*",
                "phpstan/phpstan": "*",
                "phpunit/phpunit": "*",
                "squizlabs/php_codesniffer": "*",
                "twig/twig": "*",
                "vlucas/phpdotenv": "*"
            },
            "type": "library",
            "autoload": {
                "files": [
                    "src/Siler.php",
                    "src/Container/Container.php",
                    "src/Http/Http.php",
                    "src/Http/Request.php",
                    "src/Http/Response.php",
                    "src/Route/Route.php",
                    "src/Dotenv/Dotenv.php",
                    "src/Twig/Twig.php",
                    "src/Ratchet/Ratchet.php",
                    "src/Ratchet/MessageComponent.php"
                ]
            },
            "notification-url": "https://packagist.org/downloads/",
            "license": [
                "MIT"
            ],
            "authors": [
                {
                    "name": "leocavalcante",
                    "email": "lc@leocavalcante.com"
                }
            ],
            "description": "Keep it simple, stupid",
            "keywords": [
                "api",
                "framework",
                "micro",
                "router"
            ],
            "time": "2017-02-19 13:43:33"
        }
    ],
    "packages-dev": [],
    "aliases": [],
    "minimum-stability": "dev",
    "stability-flags": {
        "leocavalcante/siler": 20
    },
    "prefer-stable": false,
    "prefer-lowest": false,
    "platform": [],
    "platform-dev": []
}
